
Microsoft Visual Studio Solution File, Format Version 12.00
# Visual Studio Version 17
VisualStudioVersion = 17.14.36717.8
MinimumVisualStudioVersion = 10.0.40219.1
Project("{8BC9CEB8-8B4A-11D0-8D11-00A0C91BC942}") = "EchoText", "FlowControl_KeyboardInput.vcxproj", "{C5592F3C-28F5-4489-8082-D31C01345C99}"
EndProject
Project("{8BC9CEB8-8B4A-11D0-8D11-00A0C91BC942}") = "EnterPIN", "..\EnterPIN\EnterPIN.vcxproj", "{9A193AB6-4B38-4050-B4B6-26A295051261}"
EndProject
Project("{8BC9CEB8-8B4A-11D0-8D11-00A0C91BC942}") = "ReadInteger", "..\ReadInteger\ReadInteger.vcxproj", "{0BC87FD8-FE56-4ADD-8C9C-8F042C7E77B0}"
EndProject
Global
	GlobalSection(SolutionConfigurationPlatforms) = preSolution
		Debug|x64 = Debug|x64
		Debug|x86 = Debug|x86
		Release|x64 = Release|x64
		Release|x86 = Release|x86
	EndGlobalSection
	GlobalSection(ProjectConfigurationPlatforms) = postSolution
		{C5592F3C-28F5-4489-8082-D31C01345C99}.Debug|x64.ActiveCfg = Debug|x64
		{C5592F3C-28F5-4489-8082-D31C01345C99}.Debug|x64.Build.0 = Debug|x64
		{C5592F3C-28F5-4489-8082-D31C01345C99}.Debug|x86.ActiveCfg = Debug|Win32
		{C5592F3C-28F5-4489-8082-D31C01345C99}.Debug|x86.Build.0 = Debug|Win32
		{C5592F3C-28F5-4489-8082-D31C01345C99}.Release|x64.ActiveCfg = Release|x64
		{C5592F3C-28F5-4489-8082-D31C01345C99}.Release|x64.Build.0 = Release|x64
		{C5592F3C-28F5-4489-8082-D31C01345C99}.Release|x86.ActiveCfg = Release|Win32
		{C5592F3C-28F5-4489-8082-D31C01345C99}.Release|x86.Build.0 = Release|Win32
		{9A193AB6-4B38-4050-B4B6-26A295051261}.Debug|x64.ActiveCfg = Debug|x64
		{9A193AB6-4B38-4050-B4B6-26A295051261}.Debug|x64.Build.0 = Debug|x64
		{9A193AB6-4B38-4050-B4B6-26A295051261}.Debug|x86.ActiveCfg = Debug|Win32
		{9A193AB6-4B38-4050-B4B6-26A295051261}.Debug|x86.Build.0 = Debug|Win32
		{9A193AB6-4B38-4050-B4B6-26A295051261}.Release|x64.ActiveCfg = Release|x64
		{9A193AB6-4B38-4050-B4B6-26A295051261}.Release|x64.Build.0 = Release|x64
		{9A193AB6-4B38-4050-B4B6-26A295051261}.Release|x86.ActiveCfg = Release|Win32
		{9A193AB6-4B38-4050-B4B6-26A295051261}.Release|x86.Build.0 = Release|Win32
		{0BC87FD8-FE56-4ADD-8C9C-8F042C7E77B0}.Debug|x64.ActiveCfg = Debug|x64
		{0BC87FD8-FE56-4ADD-8C9C-8F042C7E77B0}.Debug|x64.Build.0 = Debug|x64
		{0BC87FD8-FE56-4ADD-8C9C-8F042C7E77B0}.Debug|x86.ActiveCfg = Debug|Win32
		{0BC87FD8-FE56-4ADD-8C9C-8F042C7E77B0}.Debug|x86.Build.0 = Debug|Win32
		{0BC87FD8-FE56-4ADD-8C9C-8F042C7E77B0}.Release|x64.ActiveCfg = Release|x64
		{0BC87FD8-FE56-4ADD-8C9C-8F042C7E77B0}.Release|x64.Build.0 = Release|x64
		{0BC87FD8-FE56-4ADD-8C9C-8F042C7E77B0}.Release|x86.ActiveCfg = Release|Win32
		{0BC87FD8-FE56-4ADD-8C9C-8F042C7E77B0}.Release|x86.Build.0 = Release|Win32
	EndGlobalSection
	GlobalSection(SolutionProperties) = preSolution
		HideSolutionNode = FALSE
	EndGlobalSection
	GlobalSection(ExtensibilityGlobals) = postSolution
		SolutionGuid = {7485BBB0-5F6F-424E-B26C-9D15D6F99A85}
	EndGlobalSection
EndGlobal
