
Microsoft Visual Studio Solution File, Format Version 12.00
# Visual Studio Version 17
VisualStudioVersion = 17.14.36717.8 d17.14
MinimumVisualStudioVersion = 10.0.40219.1
Project("{8BC9CEB8-8B4A-11D0-8D11-00A0C91BC942}") = "Lab1a", "SO1_Labs.vcxproj", "{3A54B35A-2E5F-438F-8501-700487ABC09E}"
EndProject
Project("{8BC9CEB8-8B4A-11D0-8D11-00A0C91BC942}") = "lab_01b", "..\lab_01b\lab_01b.vcxproj", "{B1C634E4-7FD6-4B2B-BFB8-34C993C559E0}"
EndProject
Project("{8BC9CEB8-8B4A-11D0-8D11-00A0C91BC942}") = "lab_01c", "..\lab_01c\lab_01c.vcxproj", "{04B4A5DB-7D42-48C4-872D-7F90EF343228}"
EndProject
Global
	GlobalSection(SolutionConfigurationPlatforms) = preSolution
		Debug|x64 = Debug|x64
		Debug|x86 = Debug|x86
		Release|x64 = Release|x64
		Release|x86 = Release|x86
	EndGlobalSection
	GlobalSection(ProjectConfigurationPlatforms) = postSolution
		{3A54B35A-2E5F-438F-8501-700487ABC09E}.Debug|x64.ActiveCfg = Debug|x64
		{3A54B35A-2E5F-438F-8501-700487ABC09E}.Debug|x64.Build.0 = Debug|x64
		{3A54B35A-2E5F-438F-8501-700487ABC09E}.Debug|x86.ActiveCfg = Debug|Win32
		{3A54B35A-2E5F-438F-8501-700487ABC09E}.Debug|x86.Build.0 = Debug|Win32
		{3A54B35A-2E5F-438F-8501-700487ABC09E}.Release|x64.ActiveCfg = Release|x64
		{3A54B35A-2E5F-438F-8501-700487ABC09E}.Release|x64.Build.0 = Release|x64
		{3A54B35A-2E5F-438F-8501-700487ABC09E}.Release|x86.ActiveCfg = Release|Win32
		{3A54B35A-2E5F-438F-8501-700487ABC09E}.Release|x86.Build.0 = Release|Win32
		{B1C634E4-7FD6-4B2B-BFB8-34C993C559E0}.Debug|x64.ActiveCfg = Debug|x64
		{B1C634E4-7FD6-4B2B-BFB8-34C993C559E0}.Debug|x64.Build.0 = Debug|x64
		{B1C634E4-7FD6-4B2B-BFB8-34C993C559E0}.Debug|x86.ActiveCfg = Debug|Win32
		{B1C634E4-7FD6-4B2B-BFB8-34C993C559E0}.Debug|x86.Build.0 = Debug|Win32
		{B1C634E4-7FD6-4B2B-BFB8-34C993C559E0}.Release|x64.ActiveCfg = Release|x64
		{B1C634E4-7FD6-4B2B-BFB8-34C993C559E0}.Release|x64.Build.0 = Release|x64
		{B1C634E4-7FD6-4B2B-BFB8-34C993C559E0}.Release|x86.ActiveCfg = Release|Win32
		{B1C634E4-7FD6-4B2B-BFB8-34C993C559E0}.Release|x86.Build.0 = Release|Win32
		{04B4A5DB-7D42-48C4-872D-7F90EF343228}.Debug|x64.ActiveCfg = Debug|x64
		{04B4A5DB-7D42-48C4-872D-7F90EF343228}.Debug|x64.Build.0 = Debug|x64
		{04B4A5DB-7D42-48C4-872D-7F90EF343228}.Debug|x86.ActiveCfg = Debug|Win32
		{04B4A5DB-7D42-48C4-872D-7F90EF343228}.Debug|x86.Build.0 = Debug|Win32
		{04B4A5DB-7D42-48C4-872D-7F90EF343228}.Release|x64.ActiveCfg = Release|x64
		{04B4A5DB-7D42-48C4-872D-7F90EF343228}.Release|x64.Build.0 = Release|x64
		{04B4A5DB-7D42-48C4-872D-7F90EF343228}.Release|x86.ActiveCfg = Release|Win32
		{04B4A5DB-7D42-48C4-872D-7F90EF343228}.Release|x86.Build.0 = Release|Win32
	EndGlobalSection
	GlobalSection(SolutionProperties) = preSolution
		HideSolutionNode = FALSE
	EndGlobalSection
	GlobalSection(ExtensibilityGlobals) = postSolution
		SolutionGuid = {BAC91CFF-CE72-4EBE-B995-76FBBB4968FA}
	EndGlobalSection
EndGlobal
