
Microsoft Visual Studio Solution File, Format Version 12.00
# Visual Studio Version 17
VisualStudioVersion = 17.14.36603.0
MinimumVisualStudioVersion = 10.0.40219.1
Project("{8BC9CEB8-8B4A-11D0-8D11-00A0C91BC942}") = "Fahrenheit", "Keyboard Input.vcxproj", "{0D35FE46-41EC-41BE-ACA4-7737AFC800D6}"
EndProject
Project("{8BC9CEB8-8B4A-11D0-8D11-00A0C91BC942}") = "Char2Numeric", "..\Char2Numeric\Char2Numeric.vcxproj", "{E3AFC1D1-7C34-4939-BD76-B835DBE7E0C6}"
EndProject
Project("{8BC9CEB8-8B4A-11D0-8D11-00A0C91BC942}") = "Lower2UpperCase", "..\Lower2UpperCase\Lower2UpperCase.vcxproj", "{968CCC35-A74A-4642-B422-66CF68B00C9C}"
EndProject
Project("{8BC9CEB8-8B4A-11D0-8D11-00A0C91BC942}") = "TimeSeconds", "..\TimeSeconds\TimeSeconds.vcxproj", "{77948802-7E34-4853-AC35-E1874DE50087}"
EndProject
Project("{8BC9CEB8-8B4A-11D0-8D11-00A0C91BC942}") = "AverageGrade", "..\AverageGrade\AverageGrade.vcxproj", "{931131B6-95C2-441A-B81F-B5CA23629140}"
EndProject
Project("{8BC9CEB8-8B4A-11D0-8D11-00A0C91BC942}") = "LogicLevel", "..\LogicLevel\LogicLevel.vcxproj", "{55C881DB-FC05-4FCE-88DA-88E6AF3888DE}"
EndProject
Global
	GlobalSection(SolutionConfigurationPlatforms) = preSolution
		Debug|x64 = Debug|x64
		Debug|x86 = Debug|x86
		Release|x64 = Release|x64
		Release|x86 = Release|x86
	EndGlobalSection
	GlobalSection(ProjectConfigurationPlatforms) = postSolution
		{0D35FE46-41EC-41BE-ACA4-7737AFC800D6}.Debug|x64.ActiveCfg = Debug|x64
		{0D35FE46-41EC-41BE-ACA4-7737AFC800D6}.Debug|x64.Build.0 = Debug|x64
		{0D35FE46-41EC-41BE-ACA4-7737AFC800D6}.Debug|x86.ActiveCfg = Debug|Win32
		{0D35FE46-41EC-41BE-ACA4-7737AFC800D6}.Debug|x86.Build.0 = Debug|Win32
		{0D35FE46-41EC-41BE-ACA4-7737AFC800D6}.Release|x64.ActiveCfg = Release|x64
		{0D35FE46-41EC-41BE-ACA4-7737AFC800D6}.Release|x64.Build.0 = Release|x64
		{0D35FE46-41EC-41BE-ACA4-7737AFC800D6}.Release|x86.ActiveCfg = Release|Win32
		{0D35FE46-41EC-41BE-ACA4-7737AFC800D6}.Release|x86.Build.0 = Release|Win32
		{E3AFC1D1-7C34-4939-BD76-B835DBE7E0C6}.Debug|x64.ActiveCfg = Debug|x64
		{E3AFC1D1-7C34-4939-BD76-B835DBE7E0C6}.Debug|x64.Build.0 = Debug|x64
		{E3AFC1D1-7C34-4939-BD76-B835DBE7E0C6}.Debug|x86.ActiveCfg = Debug|Win32
		{E3AFC1D1-7C34-4939-BD76-B835DBE7E0C6}.Debug|x86.Build.0 = Debug|Win32
		{E3AFC1D1-7C34-4939-BD76-B835DBE7E0C6}.Release|x64.ActiveCfg = Release|x64
		{E3AFC1D1-7C34-4939-BD76-B835DBE7E0C6}.Release|x64.Build.0 = Release|x64
		{E3AFC1D1-7C34-4939-BD76-B835DBE7E0C6}.Release|x86.ActiveCfg = Release|Win32
		{E3AFC1D1-7C34-4939-BD76-B835DBE7E0C6}.Release|x86.Build.0 = Release|Win32
		{968CCC35-A74A-4642-B422-66CF68B00C9C}.Debug|x64.ActiveCfg = Debug|x64
		{968CCC35-A74A-4642-B422-66CF68B00C9C}.Debug|x64.Build.0 = Debug|x64
		{968CCC35-A74A-4642-B422-66CF68B00C9C}.Debug|x86.ActiveCfg = Debug|Win32
		{968CCC35-A74A-4642-B422-66CF68B00C9C}.Debug|x86.Build.0 = Debug|Win32
		{968CCC35-A74A-4642-B422-66CF68B00C9C}.Release|x64.ActiveCfg = Release|x64
		{968CCC35-A74A-4642-B422-66CF68B00C9C}.Release|x64.Build.0 = Release|x64
		{968CCC35-A74A-4642-B422-66CF68B00C9C}.Release|x86.ActiveCfg = Release|Win32
		{968CCC35-A74A-4642-B422-66CF68B00C9C}.Release|x86.Build.0 = Release|Win32
		{77948802-7E34-4853-AC35-E1874DE50087}.Debug|x64.ActiveCfg = Debug|x64
		{77948802-7E34-4853-AC35-E1874DE50087}.Debug|x64.Build.0 = Debug|x64
		{77948802-7E34-4853-AC35-E1874DE50087}.Debug|x86.ActiveCfg = Debug|Win32
		{77948802-7E34-4853-AC35-E1874DE50087}.Debug|x86.Build.0 = Debug|Win32
		{77948802-7E34-4853-AC35-E1874DE50087}.Release|x64.ActiveCfg = Release|x64
		{77948802-7E34-4853-AC35-E1874DE50087}.Release|x64.Build.0 = Release|x64
		{77948802-7E34-4853-AC35-E1874DE50087}.Release|x86.ActiveCfg = Release|Win32
		{77948802-7E34-4853-AC35-E1874DE50087}.Release|x86.Build.0 = Release|Win32
		{931131B6-95C2-441A-B81F-B5CA23629140}.Debug|x64.ActiveCfg = Debug|x64
		{931131B6-95C2-441A-B81F-B5CA23629140}.Debug|x64.Build.0 = Debug|x64
		{931131B6-95C2-441A-B81F-B5CA23629140}.Debug|x86.ActiveCfg = Debug|Win32
		{931131B6-95C2-441A-B81F-B5CA23629140}.Debug|x86.Build.0 = Debug|Win32
		{931131B6-95C2-441A-B81F-B5CA23629140}.Release|x64.ActiveCfg = Release|x64
		{931131B6-95C2-441A-B81F-B5CA23629140}.Release|x64.Build.0 = Release|x64
		{931131B6-95C2-441A-B81F-B5CA23629140}.Release|x86.ActiveCfg = Release|Win32
		{931131B6-95C2-441A-B81F-B5CA23629140}.Release|x86.Build.0 = Release|Win32
		{55C881DB-FC05-4FCE-88DA-88E6AF3888DE}.Debug|x64.ActiveCfg = Debug|x64
		{55C881DB-FC05-4FCE-88DA-88E6AF3888DE}.Debug|x64.Build.0 = Debug|x64
		{55C881DB-FC05-4FCE-88DA-88E6AF3888DE}.Debug|x86.ActiveCfg = Debug|Win32
		{55C881DB-FC05-4FCE-88DA-88E6AF3888DE}.Debug|x86.Build.0 = Debug|Win32
		{55C881DB-FC05-4FCE-88DA-88E6AF3888DE}.Release|x64.ActiveCfg = Release|x64
		{55C881DB-FC05-4FCE-88DA-88E6AF3888DE}.Release|x64.Build.0 = Release|x64
		{55C881DB-FC05-4FCE-88DA-88E6AF3888DE}.Release|x86.ActiveCfg = Release|Win32
		{55C881DB-FC05-4FCE-88DA-88E6AF3888DE}.Release|x86.Build.0 = Release|Win32
	EndGlobalSection
	GlobalSection(SolutionProperties) = preSolution
		HideSolutionNode = FALSE
	EndGlobalSection
	GlobalSection(ExtensibilityGlobals) = postSolution
		SolutionGuid = {1EF906BF-FB81-44FC-BF7C-AAABC803DC4D}
	EndGlobalSection
EndGlobal
